
Microsoft Visual Studio Solution File, Format Version 12.00
# Visual Studio Version 17
VisualStudioVersion = 17.9.34622.214
MinimumVisualStudioVersion = 10.0.40219.1
Project("{FAE04EC0-301F-11D3-BF4B-00C04F79EFBC}") = "HiTemp.Client", "HiTemp.Client\HiTemp.Client.csproj", "{DB504E55-E332-4CF5-90C8-C07467E1AB05}"
EndProject
Global
	GlobalSection(SolutionConfigurationPlatforms) = preSolution
		Debug|Any CPU = Debug|Any CPU
		Release|Any CPU = Release|Any CPU
	EndGlobalSection
	GlobalSection(ProjectConfigurationPlatforms) = postSolution
		{DB504E55-E332-4CF5-90C8-C07467E1AB05}.Debug|Any CPU.ActiveCfg = Debug|Any CPU
		{DB504E55-E332-4CF5-90C8-C07467E1AB05}.Debug|Any CPU.Build.0 = Debug|Any CPU
		{DB504E55-E332-4CF5-90C8-C07467E1AB05}.Release|Any CPU.ActiveCfg = Release|Any CPU
		{DB504E55-E332-4CF5-90C8-C07467E1AB05}.Release|Any CPU.Build.0 = Release|Any CPU
	EndGlobalSection
	GlobalSection(SolutionProperties) = preSolution
		HideSolutionNode = FALSE
	EndGlobalSection
	GlobalSection(ExtensibilityGlobals) = postSolution
		SolutionGuid = {DF646D21-F80A-43D9-8B78-6114FBC69D8A}
	EndGlobalSection
EndGlobal
